
Microsoft Visual Studio Solution File, Format Version 12.00
# Visual Studio 14
VisualStudioVersion = 14.0.25123.0
MinimumVisualStudioVersion = 10.0.40219.1
Project("{FAE04EC0-301F-11D3-BF4B-00C04F79EFBC}") = "AmazonOrders", "AmazonOrders\AmazonOrders.csproj", "{F46CB8CD-5A07-4CC5-9D08-A29CCC52B8D6}"
EndProject
Project("{FAE04EC0-301F-11D3-BF4B-00C04F79EFBC}") = "MarketplaceWebService", "..\..\..\..\Desktop\src\MarketplaceWebService\MarketplaceWebService.csproj", "{53C027A3-B615-401F-B859-18E286D29BFA}"
EndProject
Project("{FAE04EC0-301F-11D3-BF4B-00C04F79EFBC}") = "MarketplaceWebService.Samples", "..\..\..\..\Desktop\src\MarketplaceWebService.Samples\MarketplaceWebService.Samples.csproj", "{35DBFB87-A0EF-4E81-9AAD-34BD10BE690A}"
EndProject
Global
	GlobalSection(SolutionConfigurationPlatforms) = preSolution
		Debug|Any CPU = Debug|Any CPU
		Release|Any CPU = Release|Any CPU
	EndGlobalSection
	GlobalSection(ProjectConfigurationPlatforms) = postSolution
		{F46CB8CD-5A07-4CC5-9D08-A29CCC52B8D6}.Debug|Any CPU.ActiveCfg = Debug|Any CPU
		{F46CB8CD-5A07-4CC5-9D08-A29CCC52B8D6}.Debug|Any CPU.Build.0 = Debug|Any CPU
		{F46CB8CD-5A07-4CC5-9D08-A29CCC52B8D6}.Release|Any CPU.ActiveCfg = Release|Any CPU
		{F46CB8CD-5A07-4CC5-9D08-A29CCC52B8D6}.Release|Any CPU.Build.0 = Release|Any CPU
		{53C027A3-B615-401F-B859-18E286D29BFA}.Debug|Any CPU.ActiveCfg = Debug|Any CPU
		{53C027A3-B615-401F-B859-18E286D29BFA}.Debug|Any CPU.Build.0 = Debug|Any CPU
		{53C027A3-B615-401F-B859-18E286D29BFA}.Release|Any CPU.ActiveCfg = Release|Any CPU
		{53C027A3-B615-401F-B859-18E286D29BFA}.Release|Any CPU.Build.0 = Release|Any CPU
		{35DBFB87-A0EF-4E81-9AAD-34BD10BE690A}.Debug|Any CPU.ActiveCfg = Debug|Any CPU
		{35DBFB87-A0EF-4E81-9AAD-34BD10BE690A}.Debug|Any CPU.Build.0 = Debug|Any CPU
		{35DBFB87-A0EF-4E81-9AAD-34BD10BE690A}.Release|Any CPU.ActiveCfg = Release|Any CPU
		{35DBFB87-A0EF-4E81-9AAD-34BD10BE690A}.Release|Any CPU.Build.0 = Release|Any CPU
	EndGlobalSection
	GlobalSection(SolutionProperties) = preSolution
		HideSolutionNode = FALSE
	EndGlobalSection
EndGlobal
